
Microsoft Visual Studio Solution File, Format Version 12.00
# Visual Studio Version 17
VisualStudioVersion = 17.2.32516.85
MinimumVisualStudioVersion = 10.0.40219.1
Project("{FAE04EC0-301F-11D3-BF4B-00C04F79EFBC}") = "DPRN2A2U3", "DPRN2A2U3.csproj", "{0A05AB99-E70A-43BB-84C5-9B59DF4E57BA}"
EndProject
Global
	GlobalSection(SolutionConfigurationPlatforms) = preSolution
		Debug|Any CPU = Debug|Any CPU
		Release|Any CPU = Release|Any CPU
	EndGlobalSection
	GlobalSection(ProjectConfigurationPlatforms) = postSolution
		{0A05AB99-E70A-43BB-84C5-9B59DF4E57BA}.Debug|Any CPU.ActiveCfg = Debug|Any CPU
		{0A05AB99-E70A-43BB-84C5-9B59DF4E57BA}.Debug|Any CPU.Build.0 = Debug|Any CPU
		{0A05AB99-E70A-43BB-84C5-9B59DF4E57BA}.Release|Any CPU.ActiveCfg = Release|Any CPU
		{0A05AB99-E70A-43BB-84C5-9B59DF4E57BA}.Release|Any CPU.Build.0 = Release|Any CPU
	EndGlobalSection
	GlobalSection(SolutionProperties) = preSolution
		HideSolutionNode = FALSE
	EndGlobalSection
	GlobalSection(ExtensibilityGlobals) = postSolution
		SolutionGuid = {4F076838-8F27-4692-84EA-8CB4D0E68FC0}
	EndGlobalSection
EndGlobal
